{
  "name": "workspace",
  "lockfileVersion": 3,
  "requires": true,
  "packages": {
    "": {
      "dependencies": {
        "darkreader": "^4.9.112"
      }
    },
    "node_modules/@rollup/rollup-linux-x64-gnu": {
      "version": "4.52.4",
      "resolved": "https://registry.npmjs.org/@rollup/rollup-linux-x64-gnu/-/rollup-linux-x64-gnu-4.52.4.tgz",
      "integrity": "sha512-Wi6AXf0k0L7E2gteNsNHUs7UMwCIhsCTs6+tqQ5GPwVRWMaflqGec4Sd8n6+FNFDw9vGcReqk2KzBDhCa1DLYg==",
      "cpu": [
        "x64"
      ],
      "license": "MIT",
      "optional": true,
      "os": [
        "linux"
      ]
    },
    "node_modules/@rollup/rollup-win32-x64-msvc": {
      "version": "4.52.4",
      "resolved": "https://registry.npmjs.org/@rollup/rollup-win32-x64-msvc/-/rollup-win32-x64-msvc-4.52.4.tgz",
      "integrity": "sha512-bf9PtUa0u8IXDVxzRToFQKsNCRz9qLYfR/MpECxl4mRoWYjAeFjgxj1XdZr2M/GNVpT05p+LgQOHopYDlUu6/w==",
      "cpu": [
        "x64"
      ],
      "license": "MIT",
      "optional": true,
      "os": [
        "win32"
      ]
    },
    "node_modules/darkreader": {
      "version": "4.9.112",
      "resolved": "https://registry.npmjs.org/darkreader/-/darkreader-4.9.112.tgz",
      "integrity": "sha512-IQylAiMQtFq7xVt0M6BLlIeAVxOz+Pz3pmw54w+iooxHxk4C3464B4UblxeZK0M08gohViPzrOGDHVOPzqxE1g==",
      "license": "MIT",
      "dependencies": {
        "malevic": "0.20.2"
      },
      "funding": {
        "type": "opencollective",
        "url": "https://opencollective.com/darkreader/donate"
      },
      "optionalDependencies": {
        "@rollup/rollup-linux-x64-gnu": "4.52.4",
        "@rollup/rollup-win32-x64-msvc": "4.52.4"
      }
    },
    "node_modules/malevic": {
      "version": "0.20.2",
      "resolved": "https://registry.npmjs.org/malevic/-/malevic-0.20.2.tgz",
      "integrity": "sha512-s44yEUyfDaONt7nPT7NDQ+Z2oAswErG70ok2Q95bJFh1Bdcn4dZQVMrLE02ZIjTtYfQ/LFOVxF+yB3bdGw/GtQ==",
      "license": "MIT"
    }
  }
}
